
Microsoft Visual Studio Solution File, Format Version 12.00
# Visual Studio 14
VisualStudioVersion = 14.0.25420.1
MinimumVisualStudioVersion = 10.0.40219.1
Project("{FAE04EC0-301F-11D3-BF4B-00C04F79EFBC}") = "OwnersPets.Presentation", "OwnersPets.Presentation\OwnersPets.Presentation.csproj", "{9FFD1061-389B-434B-875E-2FC900FE4E6D}"
EndProject
Project("{FAE04EC0-301F-11D3-BF4B-00C04F79EFBC}") = "OwnersPets.Data", "OwnersPets.Data\OwnersPets.Data.csproj", "{CE3B615F-87A2-4747-B5DA-3862D4E61609}"
EndProject
Project("{FAE04EC0-301F-11D3-BF4B-00C04F79EFBC}") = "OwnersPets", "OwnersPets\OwnersPets.csproj", "{F0F3BC4E-5CC3-47ED-9367-2AC41240E5CD}"
EndProject
Project("{FAE04EC0-301F-11D3-BF4B-00C04F79EFBC}") = "StorageModel", "StorageModel\StorageModel.csproj", "{A6909FD2-154D-4A7D-8AD1-FB73444AFCC5}"
EndProject
Project("{FAE04EC0-301F-11D3-BF4B-00C04F79EFBC}") = "OwnersPets.Test", "OwnersPets.Test\OwnersPets.Test.csproj", "{EC0221AE-4A60-4990-A6B0-31342E9A4F9E}"
EndProject
Global
	GlobalSection(SolutionConfigurationPlatforms) = preSolution
		Debug|Any CPU = Debug|Any CPU
		Release|Any CPU = Release|Any CPU
	EndGlobalSection
	GlobalSection(ProjectConfigurationPlatforms) = postSolution
		{9FFD1061-389B-434B-875E-2FC900FE4E6D}.Debug|Any CPU.ActiveCfg = Debug|Any CPU
		{9FFD1061-389B-434B-875E-2FC900FE4E6D}.Debug|Any CPU.Build.0 = Debug|Any CPU
		{9FFD1061-389B-434B-875E-2FC900FE4E6D}.Release|Any CPU.ActiveCfg = Release|Any CPU
		{9FFD1061-389B-434B-875E-2FC900FE4E6D}.Release|Any CPU.Build.0 = Release|Any CPU
		{CE3B615F-87A2-4747-B5DA-3862D4E61609}.Debug|Any CPU.ActiveCfg = Debug|Any CPU
		{CE3B615F-87A2-4747-B5DA-3862D4E61609}.Debug|Any CPU.Build.0 = Debug|Any CPU
		{CE3B615F-87A2-4747-B5DA-3862D4E61609}.Release|Any CPU.ActiveCfg = Release|Any CPU
		{CE3B615F-87A2-4747-B5DA-3862D4E61609}.Release|Any CPU.Build.0 = Release|Any CPU
		{F0F3BC4E-5CC3-47ED-9367-2AC41240E5CD}.Debug|Any CPU.ActiveCfg = Debug|Any CPU
		{F0F3BC4E-5CC3-47ED-9367-2AC41240E5CD}.Debug|Any CPU.Build.0 = Debug|Any CPU
		{F0F3BC4E-5CC3-47ED-9367-2AC41240E5CD}.Release|Any CPU.ActiveCfg = Release|Any CPU
		{F0F3BC4E-5CC3-47ED-9367-2AC41240E5CD}.Release|Any CPU.Build.0 = Release|Any CPU
		{A6909FD2-154D-4A7D-8AD1-FB73444AFCC5}.Debug|Any CPU.ActiveCfg = Debug|Any CPU
		{A6909FD2-154D-4A7D-8AD1-FB73444AFCC5}.Debug|Any CPU.Build.0 = Debug|Any CPU
		{A6909FD2-154D-4A7D-8AD1-FB73444AFCC5}.Release|Any CPU.ActiveCfg = Release|Any CPU
		{A6909FD2-154D-4A7D-8AD1-FB73444AFCC5}.Release|Any CPU.Build.0 = Release|Any CPU
		{EC0221AE-4A60-4990-A6B0-31342E9A4F9E}.Debug|Any CPU.ActiveCfg = Debug|Any CPU
		{EC0221AE-4A60-4990-A6B0-31342E9A4F9E}.Debug|Any CPU.Build.0 = Debug|Any CPU
		{EC0221AE-4A60-4990-A6B0-31342E9A4F9E}.Release|Any CPU.ActiveCfg = Release|Any CPU
		{EC0221AE-4A60-4990-A6B0-31342E9A4F9E}.Release|Any CPU.Build.0 = Release|Any CPU
	EndGlobalSection
	GlobalSection(SolutionProperties) = preSolution
		HideSolutionNode = FALSE
	EndGlobalSection
EndGlobal
